hash: 55d2a065790fabace8b9e7174c2927f7ebf66f8467cd0f0d66b55e95a5c21bbe
updated: 2017-09-25T14:29:37.116474418-04:00
imports:
- name: github.com/mspiegel/go-multierror
  version: 065aa648c994f1f905c52e38e9bb23f4c7848737
- name: github.com/wadey/gocovmerge
  version: b5bfa59ec0adc420475f97f89b58045c721d761c
- name: golang.org/x/tools
  version: 3b1faeda9afbcba128c2d794b38ffe7982141139
  subpackages:
  - cmd/goimports
testImports: []
